
Microsoft Visual Studio Solution File, Format Version 12.00
# Visual Studio Version 17
VisualStudioVersion = 17.7.34024.191
MinimumVisualStudioVersion = 10.0.40219.1
Project("{9A19103F-16F7-4668-BE54-9A1E7A4F7556}") = "WeatherMonitoringAndReportingService", "WeatherMonitoringAndReportingService\WeatherMonitoringAndReportingService.csproj", "{19601154-C944-4555-8470-40D5D9B0A96C}"
EndProject
Project("{FAE04EC0-301F-11D3-BF4B-00C04F79EFBC}") = "WeatherService.Test", "WeatherService.Test\WeatherService.Test.csproj", "{70BBDAB1-0CEA-49DF-B6A8-22EC4F7CFF2E}"
EndProject
Global
	GlobalSection(SolutionConfigurationPlatforms) = preSolution
		Debug|Any CPU = Debug|Any CPU
		Release|Any CPU = Release|Any CPU
	EndGlobalSection
	GlobalSection(ProjectConfigurationPlatforms) = postSolution
		{19601154-C944-4555-8470-40D5D9B0A96C}.Debug|Any CPU.ActiveCfg = Debug|Any CPU
		{19601154-C944-4555-8470-40D5D9B0A96C}.Debug|Any CPU.Build.0 = Debug|Any CPU
		{19601154-C944-4555-8470-40D5D9B0A96C}.Release|Any CPU.ActiveCfg = Release|Any CPU
		{19601154-C944-4555-8470-40D5D9B0A96C}.Release|Any CPU.Build.0 = Release|Any CPU
		{70BBDAB1-0CEA-49DF-B6A8-22EC4F7CFF2E}.Debug|Any CPU.ActiveCfg = Debug|Any CPU
		{70BBDAB1-0CEA-49DF-B6A8-22EC4F7CFF2E}.Debug|Any CPU.Build.0 = Debug|Any CPU
		{70BBDAB1-0CEA-49DF-B6A8-22EC4F7CFF2E}.Release|Any CPU.ActiveCfg = Release|Any CPU
		{70BBDAB1-0CEA-49DF-B6A8-22EC4F7CFF2E}.Release|Any CPU.Build.0 = Release|Any CPU
	EndGlobalSection
	GlobalSection(SolutionProperties) = preSolution
		HideSolutionNode = FALSE
	EndGlobalSection
	GlobalSection(ExtensibilityGlobals) = postSolution
		SolutionGuid = {14B00727-4E24-4D09-A654-6660892244E5}
	EndGlobalSection
EndGlobal
